{
  "requires": true,
  "lockfileVersion": 1,
  "dependencies": {
    "aframe-audioanalyser-component": {
      "version": "3.0.3",
      "resolved": "https://registry.npmjs.org/aframe-audioanalyser-component/-/aframe-audioanalyser-component-3.0.3.tgz",
      "integrity": "sha1-7/GajmB5Ul3ZR99LpDG5vKI+fQc="
    }
  }
}
